{
  "name": "chia-clawback-recovery",
  "version": "1.0.0",
  "lockfileVersion": 3,
  "requires": true,
  "packages": {
    "": {
      "name": "chia-clawback-recovery",
      "version": "1.0.0",
      "license": "MIT",
      "dependencies": {
        "chia-wallet-sdk": "^0.36.0",
        "commander": "^15.0.0"
      },
      "engines": {
        "node": ">=22.12.0"
      }
    },
    "node_modules/chia-wallet-sdk": {
      "version": "0.36.0",
      "resolved": "https://registry.npmjs.org/chia-wallet-sdk/-/chia-wallet-sdk-0.36.0.tgz",
      "integrity": "sha512-x15EIjqVad7rAgXlgUhgR9UvoZVBACsW44VfDPxDD2KpX/EOpAIJJrfsFg7TSR+MUSZ1NRWzNu3l4qGVXMpU7g==",
      "license": "MIT",
      "engines": {
        "node": ">= 14"
      },
      "optionalDependencies": {
        "chia-wallet-sdk-darwin-arm64": "0.36.0",
        "chia-wallet-sdk-darwin-universal": "0.36.0",
        "chia-wallet-sdk-darwin-x64": "0.36.0",
        "chia-wallet-sdk-linux-arm64-gnu": "0.36.0",
        "chia-wallet-sdk-linux-x64-gnu": "0.36.0",
        "chia-wallet-sdk-win32-x64-msvc": "0.36.0"
      }
    },
    "node_modules/chia-wallet-sdk-darwin-arm64": {
      "version": "0.36.0",
      "resolved": "https://registry.npmjs.org/chia-wallet-sdk-darwin-arm64/-/chia-wallet-sdk-darwin-arm64-0.36.0.tgz",
      "integrity": "sha512-/QL57v5QiNze9u2de7LNU1rc9EL+OFiJ/xgY2ObploS0F4KgvBVO0HpccBxISKkdSizR9BgiHvcRunDfR6eq5g==",
      "cpu": [
        "arm64"
      ],
      "license": "MIT",
      "optional": true,
      "os": [
        "darwin"
      ],
      "engines": {
        "node": ">= 10"
      }
    },
    "node_modules/chia-wallet-sdk-darwin-universal": {
      "version": "0.36.0",
      "resolved": "https://registry.npmjs.org/chia-wallet-sdk-darwin-universal/-/chia-wallet-sdk-darwin-universal-0.36.0.tgz",
      "integrity": "sha512-biXUZ5Fy2sQm/oerFUHAqaifGfXjzPe18o0Mzf6tfRmyoNBpadKKr2w1ln9e2XfvO5Zz5uaLDvFRzdYSfqGTqQ==",
      "license": "MIT",
      "optional": true,
      "os": [
        "darwin"
      ],
      "engines": {
        "node": ">= 10"
      }
    },
    "node_modules/chia-wallet-sdk-darwin-x64": {
      "version": "0.36.0",
      "resolved": "https://registry.npmjs.org/chia-wallet-sdk-darwin-x64/-/chia-wallet-sdk-darwin-x64-0.36.0.tgz",
      "integrity": "sha512-EJWs6LghNaU9Ee3O7elSqn9rffPnDU2Y+2hRj9qRJ+o9x+fNM8sphgjYxKh4rGvjjvnVokwnDR4eFv1KhVKB8A==",
      "cpu": [
        "x64"
      ],
      "license": "MIT",
      "optional": true,
      "os": [
        "darwin"
      ],
      "engines": {
        "node": ">= 10"
      }
    },
    "node_modules/chia-wallet-sdk-linux-arm64-gnu": {
      "version": "0.36.0",
      "resolved": "https://registry.npmjs.org/chia-wallet-sdk-linux-arm64-gnu/-/chia-wallet-sdk-linux-arm64-gnu-0.36.0.tgz",
      "integrity": "sha512-MbuJ5WCgo+9L7aTcVWu3tQB3B++KWuXW1LBoBgn2BC4iFs+cHMsmkIn5fPFGhy6vRcKDcghOkfcutUzLtuAgjA==",
      "cpu": [
        "arm64"
      ],
      "libc": [
        "glibc"
      ],
      "license": "MIT",
      "optional": true,
      "os": [
        "linux"
      ],
      "engines": {
        "node": ">= 10"
      }
    },
    "node_modules/chia-wallet-sdk-linux-x64-gnu": {
      "version": "0.36.0",
      "resolved": "https://registry.npmjs.org/chia-wallet-sdk-linux-x64-gnu/-/chia-wallet-sdk-linux-x64-gnu-0.36.0.tgz",
      "integrity": "sha512-Nvw/H1AHZPRLQXXr27fmNfHjx5STXwoLTmLdH9Iu/pvXe8wInl0RdLvKeo4tdLZKij94GN5C3akQWvY4cVz/zw==",
      "cpu": [
        "x64"
      ],
      "libc": [
        "glibc"
      ],
      "license": "MIT",
      "optional": true,
      "os": [
        "linux"
      ],
      "engines": {
        "node": ">= 10"
      }
    },
    "node_modules/chia-wallet-sdk-win32-x64-msvc": {
      "version": "0.36.0",
      "resolved": "https://registry.npmjs.org/chia-wallet-sdk-win32-x64-msvc/-/chia-wallet-sdk-win32-x64-msvc-0.36.0.tgz",
      "integrity": "sha512-ltHpYdlxkOf3s8mH5Akv94FPiBPE/Hu8lhYoPa5Y77LHsM4+mos/Lqge/FxqfVIWGevzNN1rMO29yb9NQq7e6w==",
      "cpu": [
        "x64"
      ],
      "license": "MIT",
      "optional": true,
      "os": [
        "win32"
      ],
      "engines": {
        "node": ">= 10"
      }
    },
    "node_modules/commander": {
      "version": "15.0.0",
      "resolved": "https://registry.npmjs.org/commander/-/commander-15.0.0.tgz",
      "integrity": "sha512-z67u4ZhzCL/Tydu1lJARtEZYWbWaN7oYLHbsuzocr6y4N6WZAagG3RQ4FW61V1/0+jImpj293XfrcYnd1qxtPg==",
      "license": "MIT",
      "engines": {
        "node": ">=22.12.0"
      }
    }
  }
}
